
Microsoft Visual Studio Solution File, Format Version 12.00
# Visual Studio Version 17
VisualStudioVersion = 17.2.32616.157
MinimumVisualStudioVersion = 10.0.40219.1
Project("{FAE04EC0-301F-11D3-BF4B-00C04F79EFBC}") = "Ms Test", "Ms Test\Ms Test.csproj", "{31C0EBE5-3E66-406A-BCEC-883D1C0897C2}"
EndProject
Global
	GlobalSection(SolutionConfigurationPlatforms) = preSolution
		Debug|Any CPU = Debug|Any CPU
		Release|Any CPU = Release|Any CPU
	EndGlobalSection
	GlobalSection(ProjectConfigurationPlatforms) = postSolution
		{31C0EBE5-3E66-406A-BCEC-883D1C0897C2}.Debug|Any CPU.ActiveCfg = Debug|Any CPU
		{31C0EBE5-3E66-406A-BCEC-883D1C0897C2}.Debug|Any CPU.Build.0 = Debug|Any CPU
		{31C0EBE5-3E66-406A-BCEC-883D1C0897C2}.Release|Any CPU.ActiveCfg = Release|Any CPU
		{31C0EBE5-3E66-406A-BCEC-883D1C0897C2}.Release|Any CPU.Build.0 = Release|Any CPU
	EndGlobalSection
	GlobalSection(SolutionProperties) = preSolution
		HideSolutionNode = FALSE
	EndGlobalSection
	GlobalSection(ExtensibilityGlobals) = postSolution
		SolutionGuid = {52CDD2C9-BA31-4C24-B0C0-F5F9738F4305}
	EndGlobalSection
EndGlobal
